// !$*UTF8*$!
{
	archiveVersion = 1;
	classes = {
	};
	objectVersion = 55;
	objects = {

/* Begin PBXBuildFile section */
		1EC7F4A52812104300BA94D7 /* ToDoeyApp.swift in Sources */ = {isa = PBXBuildFile; fileRef = 1EC7F4A42812104300BA94D7 /* ToDoeyApp.swift */; };
		1EC7F4A72812104300BA94D7 /* ContentView.swift in Sources */ = {isa = PBXBuildFile; fileRef = 1EC7F4A62812104300BA94D7 /* ContentView.swift */; };
		1EC7F4A92812104400BA94D7 /* Assets.xcassets in Resources */ = {isa = PBXBuildFile; fileRef = 1EC7F4A82812104400BA94D7 /* Assets.xcassets */; };
		1EC7F4AC2812104400BA94D7 /* Preview Assets.xcassets in Resources */ = {isa = PBXBuildFile; fileRef = 1EC7F4AB2812104400BA94D7 /* Preview Assets.xcassets */; };
		1EC7F4B62812104400BA94D7 /* ToDoeyTests.swift in Sources */ = {isa = PBXBuildFile; fileRef = 1EC7F4B52812104400BA94D7 /* ToDoeyTests.swift */; };
		1EC7F4C02812104400BA94D7 /* ToDoeyUITests.swift in Sources */ = {isa = PBXBuildFile; fileRef = 1EC7F4BF2812104400BA94D7 /* ToDoeyUITests.swift */; };
		1EC7F4C22812104400BA94D7 /* ToDoeyUITestsLaunchTests.swift in Sources */ = {isa = PBXBuildFile; fileRef = 1EC7F4C12812104400BA94D7 /* ToDoeyUITestsLaunchTests.swift */; };
/* End PBXBuildFile section */

/* Begin PBXContainerItemProxy section */
		1EC7F4B22812104400BA94D7 /* PBXContainerItemProxy */ = {
			isa = PBXContainerItemProxy;
			containerPortal = 1EC7F4992812104300BA94D7 /* Project object */;
			proxyType = 1;
			remoteGlobalIDString = 1EC7F4A02812104300BA94D7;
			remoteInfo = ToDoey;
		};
		1EC7F4BC2812104400BA94D7 /* PBXContainerItemProxy */ = {
			isa = PBXContainerItemProxy;
			containerPortal = 1EC7F4992812104300BA94D7 /* Project object */;
			proxyType = 1;
			remoteGlobalIDString = 1EC7F4A02812104300BA94D7;
			remoteInfo = ToDoey;
		};
/* End PBXContainerItemProxy section */

/* Begin PBXFileReference section */
		1EC7F4A12812104300BA94D7 /* ToDoey.app */ = {isa = PBXFileReference; explicitFileType = wrapper.application; includeInIndex = 0; path = ToDoey.app; sourceTree = BUILT_PRODUCTS_DIR; };
		1EC7F4A42812104300BA94D7 /* ToDoeyApp.swift */ = {isa = PBXFileReference; lastKnownFileType = sourcecode.swift; path = ToDoeyApp.swift; sourceTree = "<group>"; };
		1EC7F4A62812104300BA94D7 /* ContentView.swift */ = {isa = PBXFileReference; lastKnownFileType = sourcecode.swift; path = ContentView.swift; sourceTree = "<group>"; };
		1EC7F4A82812104400BA94D7 /* Assets.xcassets */ = {isa = PBXFileReference; lastKnownFileType = folder.assetcatalog; path = Assets.xcassets; sourceTree = "<group>"; };
		1EC7F4AB2812104400BA94D7 /* Preview Assets.xcassets */ = {isa = PBXFileReference; lastKnownFileType = folder.assetcatalog; path = "Preview Assets.xcassets"; sourceTree = "<group>"; };
		1EC7F4B12812104400BA94D7 /* ToDoeyTests.xctest */ = {isa = PBXFileReference; explicitFileType = wrapper.cfbundle; includeInIndex = 0; path = ToDoeyTests.xctest; sourceTree = BUILT_PRODUCTS_DIR; };
		1EC7F4B52812104400BA94D7 /* ToDoeyTests.swift */ = {isa = PBXFileReference; lastKnownFileType = sourcecode.swift; path = ToDoeyTests.swift; sourceTree = "<group>"; };
		1EC7F4BB2812104400BA94D7 /* ToDoeyUITests.xctest */ = {isa = PBXFileReference; explicitFileType = wrapper.cfbundle; includeInIndex = 0; path = ToDoeyUITests.xctest; sourceTree = BUILT_PRODUCTS_DIR; };
		1EC7F4BF2812104400BA94D7 /* ToDoeyUITests.swift */ = {isa = PBXFileReference; lastKnownFileType = sourcecode.swift; path = ToDoeyUITests.swift; sourceTree = "<group>"; };
		1EC7F4C12812104400BA94D7 /* ToDoeyUITestsLaunchTests.swift */ = {isa = PBXFileReference; lastKnownFileType = sourcecode.swift; path = ToDoeyUITestsLaunchTests.swift; sourceTree = "<group>"; };
/* End PBXFileReference section */

/* Begin PBXFrameworksBuildPhase section */
		1EC7F49E2812104300BA94D7 /* Frameworks */ = {
			isa = PBXFrameworksBuildPhase;
			buildActionMask = 2147483647;
			files = (
			);
			runOnlyForDeploymentPostprocessing = 0;
		};
		1EC7F4AE2812104400BA94D7 /* Frameworks */ = {
			isa = PBXFrameworksBuildPhase;
			buildActionMask = 2147483647;
			files = (
			);
			runOnlyForDeploymentPostprocessing = 0;
		};
		1EC7F4B82812104400BA94D7 /* Frameworks */ = {
			isa = PBXFrameworksBuildPhase;
			buildActionMask = 2147483647;
			files = (
			);
			runOnlyForDeploymentPostprocessing = 0;
		};
/* End PBXFrameworksBuildPhase section */

/* Begin PBXGroup section */
		1EC7F4982812104300BA94D7 = {
			isa = PBXGroup;
			children = (
				1EC7F4A32812104300BA94D7 /* ToDoey */,
				1EC7F4B42812104400BA94D7 /* ToDoeyTests */,
				1EC7F4BE2812104400BA94D7 /* ToDoeyUITests */,
				1EC7F4A22812104300BA94D7 /* Products */,
			);
			sourceTree = "<group>";
		};
		1EC7F4A22812104300BA94D7 /* Products */ = {
			isa = PBXGroup;
			children = (
				1EC7F4A12812104300BA94D7 /* ToDoey.app */,
				1EC7F4B12812104400BA94D7 /* ToDoeyTests.xctest */,
				1EC7F4BB2812104400BA94D7 /* ToDoeyUITests.xctest */,
			);
			name = Products;
			sourceTree = "<group>";
		};
		1EC7F4A32812104300BA94D7 /* ToDoey */ = {
			isa = PBXGroup;
			children = (
				1EC7F4A42812104300BA94D7 /* ToDoeyApp.swift */,
				1EC7F4A62812104300BA94D7 /* ContentView.swift */,
				1EC7F4A82812104400BA94D7 /* Assets.xcassets */,
				1EC7F4AA2812104400BA94D7 /* Preview Content */,
			);
			path = ToDoey;
			sourceTree = "<group>";
		};
		1EC7F4AA2812104400BA94D7 /* Preview Content */ = {
			isa = PBXGroup;
			children = (
				1EC7F4AB2812104400BA94D7 /* Preview Assets.xcassets */,
			);
			path = "Preview Content";
			sourceTree = "<group>";
		};
		1EC7F4B42812104400BA94D7 /* ToDoeyTests */ = {
			isa = PBXGroup;
			children = (
				1EC7F4B52812104400BA94D7 /* ToDoeyTests.swift */,
			);
			path = ToDoeyTests;
			sourceTree = "<group>";
		};
		1EC7F4BE2812104400BA94D7 /* ToDoeyUITests */ = {
			isa = PBXGroup;
			children = (
				1EC7F4BF2812104400BA94D7 /* ToDoeyUITests.swift */,
				1EC7F4C12812104400BA94D7 /* ToDoeyUITestsLaunchTests.swift */,
			);
			path = ToDoeyUITests;
			sourceTree = "<group>";
		};
/* End PBXGroup section */

/* Begin PBXNativeTarget section */
		1EC7F4A02812104300BA94D7 /* ToDoey */ = {
			isa = PBXNativeTarget;
			buildConfigurationList = 1EC7F4C52812104400BA94D7 /* Build configuration list for PBXNativeTarget "ToDoey" */;
			buildPhases = (
				1EC7F49D2812104300BA94D7 /* Sources */,
				1EC7F49E2812104300BA94D7 /* Frameworks */,
				1EC7F49F2812104300BA94D7 /* Resources */,
			);
			buildRules = (
			);
			dependencies = (
			);
			name = ToDoey;
			productName = ToDoey;
			productReference = 1EC7F4A12812104300BA94D7 /* ToDoey.app */;
			productType = "com.apple.product-type.application";
		};
		1EC7F4B02812104400BA94D7 /* ToDoeyTests */ = {
			isa = PBXNativeTarget;
			buildConfigurationList = 1EC7F4C82812104400BA94D7 /* Build configuration list for PBXNativeTarget "ToDoeyTests" */;
			buildPhases = (
				1EC7F4AD2812104400BA94D7 /* Sources */,
				1EC7F4AE2812104400BA94D7 /* Frameworks */,
				1EC7F4AF2812104400BA94D7 /* Resources */,
			);
			buildRules = (
			);
			dependencies = (
				1EC7F4B32812104400BA94D7 /* PBXTargetDependency */,
			);
			name = ToDoeyTests;
			productName = ToDoeyTests;
			productReference = 1EC7F4B12812104400BA94D7 /* ToDoeyTests.xctest */;
			productType = "com.apple.product-type.bundle.unit-test";
		};
		1EC7F4BA2812104400BA94D7 /* ToDoeyUITests */ = {
			isa = PBXNativeTarget;
			buildConfigurationList = 1EC7F4CB2812104400BA94D7 /* Build configuration list for PBXNativeTarget "ToDoeyUITests" */;
			buildPhases = (
				1EC7F4B72812104400BA94D7 /* Sources */,
				1EC7F4B82812104400BA94D7 /* Frameworks */,
				1EC7F4B92812104400BA94D7 /* Resources */,
			);
			buildRules = (
			);
			dependencies = (
				1EC7F4BD2812104400BA94D7 /* PBXTargetDependency */,
			);
			name = ToDoeyUITests;
			productName = ToDoeyUITests;
			productReference = 1EC7F4BB2812104400BA94D7 /* ToDoeyUITests.xctest */;
			productType = "com.apple.product-type.bundle.ui-testing";
		};
/* End PBXNativeTarget section */

/* Begin PBXProject section */
		1EC7F4992812104300BA94D7 /* Project object */ = {
			isa = PBXProject;
			attributes = {
				BuildIndependentTargetsInParallel = 1;
				LastSwiftUpdateCheck = 1330;
				LastUpgradeCheck = 1330;
				TargetAttributes = {
					1EC7F4A02812104300BA94D7 = {
						CreatedOnToolsVersion = 13.3.1;
					};
					1EC7F4B02812104400BA94D7 = {
						CreatedOnToolsVersion = 13.3.1;
						TestTargetID = 1EC7F4A02812104300BA94D7;
					};
					1EC7F4BA2812104400BA94D7 = {
						CreatedOnToolsVersion = 13.3.1;
						TestTargetID = 1EC7F4A02812104300BA94D7;
					};
				};
			};
			buildConfigurationList = 1EC7F49C2812104300BA94D7 /* Build configuration list for PBXProject "ToDoey" */;
			compatibilityVersion = "Xcode 13.0";
			developmentRegion = en;
			hasScannedForEncodings = 0;
			knownRegions = (
				en,
				Base,
			);
			mainGroup = 1EC7F4982812104300BA94D7;
			productRefGroup = 1EC7F4A22812104300BA94D7 /* Products */;
			projectDirPath = "";
			projectRoot = "";
			targets = (
				1EC7F4A02812104300BA94D7 /* ToDoey */,
				1EC7F4B02812104400BA94D7 /* ToDoeyTests */,
				1EC7F4BA2812104400BA94D7 /* ToDoeyUITests */,
			);
		};
/* End PBXProject section */

/* Begin PBXResourcesBuildPhase section */
		1EC7F49F2812104300BA94D7 /* Resources */ = {
			isa = PBXResourcesBuildPhase;
			buildActionMask = 2147483647;
			files = (
				1EC7F4AC2812104400BA94D7 /* Preview Assets.xcassets in Resources */,
				1EC7F4A92812104400BA94D7 /* Assets.xcassets in Resources */,
			);
			runOnlyForDeploymentPostprocessing = 0;
		};
		1EC7F4AF2812104400BA94D7 /* Resources */ = {
			isa = PBXResourcesBuildPhase;
			buildActionMask = 2147483647;
			files = (
			);
			runOnlyForDeploymentPostprocessing = 0;
		};
		1EC7F4B92812104400BA94D7 /* Resources */ = {
			isa = PBXResourcesBuildPhase;
			buildActionMask = 2147483647;
			files = (
			);
			runOnlyForDeploymentPostprocessing = 0;
		};
/* End PBXResourcesBuildPhase section */

/* Begin PBXSourcesBuildPhase section */
		1EC7F49D2812104300BA94D7 /* Sources */ = {
			isa = PBXSourcesBuildPhase;
			buildActionMask = 2147483647;
			files = (
				1EC7F4A72812104300BA94D7 /* ContentView.swift in Sources */,
				1EC7F4A52812104300BA94D7 /* ToDoeyApp.swift in Sources */,
			);
			runOnlyForDeploymentPostprocessing = 0;
		};
		1EC7F4AD2812104400BA94D7 /* Sources */ = {
			isa = PBXSourcesBuildPhase;
			buildActionMask = 2147483647;
			files = (
				1EC7F4B62812104400BA94D7 /* ToDoeyTests.swift in Sources */,
			);
			runOnlyForDeploymentPostprocessing = 0;
		};
		1EC7F4B72812104400BA94D7 /* Sources */ = {
			isa = PBXSourcesBuildPhase;
			buildActionMask = 2147483647;
			files = (
				1EC7F4C22812104400BA94D7 /* ToDoeyUITestsLaunchTests.swift in Sources */,
				1EC7F4C02812104400BA94D7 /* ToDoeyUITests.swift in Sources */,
			);
			runOnlyForDeploymentPostprocessing = 0;
		};
/* End PBXSourcesBuildPhase section */

/* Begin PBXTargetDependency section */
		1EC7F4B32812104400BA94D7 /* PBXTargetDependency */ = {
			isa = PBXTargetDependency;
			target = 1EC7F4A02812104300BA94D7 /* ToDoey */;
			targetProxy = 1EC7F4B22812104400BA94D7 /* PBXContainerItemProxy */;
		};
		1EC7F4BD2812104400BA94D7 /* PBXTargetDependency */ = {
			isa = PBXTargetDependency;
			target = 1EC7F4A02812104300BA94D7 /* ToDoey */;
			targetProxy = 1EC7F4BC2812104400BA94D7 /* PBXContainerItemProxy */;
		};
/* End PBXTargetDependency section */

/* Begin XCBuildConfiguration section */
		1EC7F4C32812104400BA94D7 /* Debug */ = {
			isa = XCBuildConfiguration;
			buildSettings = {
				ALWAYS_SEARCH_USER_PATHS = NO;
				CLANG_ANALYZER_NONNULL = YES;
				CLANG_ANALYZER_NUMBER_OBJECT_CONVERSION = YES_AGGRESSIVE;
				CLANG_CXX_LANGUAGE_STANDARD = "gnu++17";
				CLANG_ENABLE_MODULES = YES;
				CLANG_ENABLE_OBJC_ARC = YES;
				CLANG_ENABLE_OBJC_WEAK = YES;
				CLANG_WARN_BLOCK_CAPTURE_AUTORELEASING = YES;
				CLANG_WARN_BOOL_CONVERSION = YES;
				CLANG_WARN_COMMA = YES;
				CLANG_WARN_CONSTANT_CONVERSION = YES;
				CLANG_WARN_DEPRECATED_OBJC_IMPLEMENTATIONS = YES;
				CLANG_WARN_DIRECT_OBJC_ISA_USAGE = YES_ERROR;
				CLANG_WARN_DOCUMENTATION_COMMENTS = YES;
				CLANG_WARN_EMPTY_BODY = YES;
				CLANG_WARN_ENUM_CONVERSION = YES;
				CLANG_WARN_INFINITE_RECURSION = YES;
				CLANG_WARN_INT_CONVERSION = YES;
				CLANG_WARN_NON_LITERAL_NULL_CONVERSION = YES;
				CLANG_WARN_OBJC_IMPLICIT_RETAIN_SELF = YES;
				CLANG_WARN_OBJC_LITERAL_CONVERSION = YES;
				CLANG_WARN_OBJC_ROOT_CLASS = YES_ERROR;
				CLANG_WARN_QUOTED_INCLUDE_IN_FRAMEWORK_HEADER = YES;
				CLANG_WARN_RANGE_LOOP_ANALYSIS = YES;
				CLANG_WARN_STRICT_PROTOTYPES = YES;
				CLANG_WARN_SUSPICIOUS_MOVE = YES;
				CLANG_WARN_UNGUARDED_AVAILABILITY = YES_AGGRESSIVE;
				CLANG_WARN_UNREACHABLE_CODE = YES;
				CLANG_WARN__DUPLICATE_METHOD_MATCH = YES;
				COPY_PHASE_STRIP = NO;
				DEBUG_INFORMATION_FORMAT = dwarf;
				ENABLE_STRICT_OBJC_MSGSEND = YES;
				ENABLE_TESTABILITY = YES;
				GCC_C_LANGUAGE_STANDARD = gnu11;
				GCC_DYNAMIC_NO_PIC = NO;
				GCC_NO_COMMON_BLOCKS = YES;
				GCC_OPTIMIZATION_LEVEL = 0;
				GCC_PREPROCESSOR_DEFINITIONS = (
					"DEBUG=1",
					"$(inherited)",
				);
				GCC_WARN_64_TO_32_BIT_CONVERSION = YES;
				GCC_WARN_ABOUT_RETURN_TYPE = YES_ERROR;
				GCC_WARN_UNDECLARED_SELECTOR = YES;
				GCC_WARN_UNINITIALIZED_AUTOS = YES_AGGRESSIVE;
				GCC_WARN_UNUSED_FUNCTION = YES;
				GCC_WARN_UNUSED_VARIABLE = YES;
				IPHONEOS_DEPLOYMENT_TARGET = 15.4;
				MTL_ENABLE_DEBUG_INFO = INCLUDE_SOURCE;
				MTL_FAST_MATH = YES;
				ONLY_ACTIVE_ARCH = YES;
				SDKROOT = iphoneos;
				SWIFT_ACTIVE_COMPILATION_CONDITIONS = DEBUG;
				SWIFT_OPTIMIZATION_LEVEL = "-Onone";
			};
			name = Debug;
		};
		1EC7F4C42812104400BA94D7 /* Release */ = {
			isa = XCBuildConfiguration;
			buildSettings = {
				ALWAYS_SEARCH_USER_PATHS = NO;
				CLANG_ANALYZER_NONNULL = YES;
				CLANG_ANALYZER_NUMBER_OBJECT_CONVERSION = YES_AGGRESSIVE;
				CLANG_CXX_LANGUAGE_STANDARD = "gnu++17";
				CLANG_ENABLE_MODULES = YES;
				CLANG_ENABLE_OBJC_ARC = YES;
				CLANG_ENABLE_OBJC_WEAK = YES;
				CLANG_WARN_BLOCK_CAPTURE_AUTORELEASING = YES;
				CLANG_WARN_BOOL_CONVERSION = YES;
				CLANG_WARN_COMMA = YES;
				CLANG_WARN_CONSTANT_CONVERSION = YES;
				CLANG_WARN_DEPRECATED_OBJC_IMPLEMENTATIONS = YES;
				CLANG_WARN_DIRECT_OBJC_ISA_USAGE = YES_ERROR;
				CLANG_WARN_DOCUMENTATION_COMMENTS = YES;
				CLANG_WARN_EMPTY_BODY = YES;
				CLANG_WARN_ENUM_CONVERSION = YES;
				CLANG_WARN_INFINITE_RECURSION = YES;
				CLANG_WARN_INT_CONVERSION = YES;
				CLANG_WARN_NON_LITERAL_NULL_CONVERSION = YES;
				CLANG_WARN_OBJC_IMPLICIT_RETAIN_SELF = YES;
				CLANG_WARN_OBJC_LITERAL_CONVERSION = YES;
				CLANG_WARN_OBJC_ROOT_CLASS = YES_ERROR;
				CLANG_WARN_QUOTED_INCLUDE_IN_FRAMEWORK_HEADER = YES;
				CLANG_WARN_RANGE_LOOP_ANALYSIS = YES;
				CLANG_WARN_STRICT_PROTOTYPES = YES;
				CLANG_WARN_SUSPICIOUS_MOVE = YES;
				CLANG_WARN_UNGUARDED_AVAILABILITY = YES_AGGRESSIVE;
				CLANG_WARN_UNREACHABLE_CODE = YES;
				CLANG_WARN__DUPLICATE_METHOD_MATCH = YES;
				COPY_PHASE_STRIP = NO;
				DEBUG_INFORMATION_FORMAT = "dwarf-with-dsym";
				ENABLE_NS_ASSERTIONS = NO;
				ENABLE_STRICT_OBJC_MSGSEND = YES;
				GCC_C_LANGUAGE_STANDARD = gnu11;
				GCC_NO_COMMON_BLOCKS = YES;
				GCC_WARN_64_TO_32_BIT_CONVERSION = YES;
				GCC_WARN_ABOUT_RETURN_TYPE = YES_ERROR;
				GCC_WARN_UNDECLARED_SELECTOR = YES;
				GCC_WARN_UNINITIALIZED_AUTOS = YES_AGGRESSIVE;
				GCC_WARN_UNUSED_FUNCTION = YES;
				GCC_WARN_UNUSED_VARIABLE = YES;
				IPHONEOS_DEPLOYMENT_TARGET = 15.4;
				MTL_ENABLE_DEBUG_INFO = NO;
				MTL_FAST_MATH = YES;
				SDKROOT = iphoneos;
				SWIFT_COMPILATION_MODE = wholemodule;
				SWIFT_OPTIMIZATION_LEVEL = "-O";
				VALIDATE_PRODUCT = YES;
			};
			name = Release;
		};
		1EC7F4C62812104400BA94D7 /* Debug */ = {
			isa = XCBuildConfiguration;
			buildSettings = {
				ASSETCATALOG_COMPILER_APPICON_NAME = AppIcon;
				ASSETCATALOG_COMPILER_GLOBAL_ACCENT_COLOR_NAME = AccentColor;
				CODE_SIGN_STYLE = Automatic;
				CURRENT_PROJECT_VERSION = 1;
				DEVELOPMENT_ASSET_PATHS = "\"ToDoey/Preview Content\"";
				DEVELOPMENT_TEAM = 5PWVWU8526;
				ENABLE_PREVIEWS = YES;
				GENERATE_INFOPLIST_FILE = YES;
				INFOPLIST_KEY_UIApplicationSceneManifest_Generation = YES;
				INFOPLIST_KEY_UIApplicationSupportsIndirectInputEvents = YES;
				INFOPLIST_KEY_UILaunchScreen_Generation = YES;
				INFOPLIST_KEY_UISupportedInterfaceOrientations_iPad = "UIInterfaceOrientationPortrait UIInterfaceOrientationPortraitUpsideDown UIInterfaceOrientationLandscapeLeft UIInterfaceOrientationLandscapeRight";
				INFOPLIST_KEY_UISupportedInterfaceOrientations_iPhone = "UIInterfaceOrientationPortrait UIInterfaceOrientationLandscapeLeft UIInterfaceOrientationLandscapeRight";
				LD_RUNPATH_SEARCH_PATHS = (
					"$(inherited)",
					"@executable_path/Frameworks",
				);
				MARKETING_VERSION = 1.0;
				PRODUCT_BUNDLE_IDENTIFIER = com.hugh.ToDoey;
				PRODUCT_NAME = "$(TARGET_NAME)";
				SWIFT_EMIT_LOC_STRINGS = YES;
				SWIFT_VERSION = 5.0;
				TARGETED_DEVICE_FAMILY = "1,2";
			};
			name = Debug;
		};
		1EC7F4C72812104400BA94D7 /* Release */ = {
			isa = XCBuildConfiguration;
			buildSettings = {
				ASSETCATALOG_COMPILER_APPICON_NAME = AppIcon;
				ASSETCATALOG_COMPILER_GLOBAL_ACCENT_COLOR_NAME = AccentColor;
				CODE_SIGN_STYLE = Automatic;
				CURRENT_PROJECT_VERSION = 1;
				DEVELOPMENT_ASSET_PATHS = "\"ToDoey/Preview Content\"";
				DEVELOPMENT_TEAM = 5PWVWU8526;
				ENABLE_PREVIEWS = YES;
				GENERATE_INFOPLIST_FILE = YES;
				INFOPLIST_KEY_UIApplicationSceneManifest_Generation = YES;
				INFOPLIST_KEY_UIApplicationSupportsIndirectInputEvents = YES;
				INFOPLIST_KEY_UILaunchScreen_Generation = YES;
				INFOPLIST_KEY_UISupportedInterfaceOrientations_iPad = "UIInterfaceOrientationPortrait UIInterfaceOrientationPortraitUpsideDown UIInterfaceOrientationLandscapeLeft UIInterfaceOrientationLandscapeRight";
				INFOPLIST_KEY_UISupportedInterfaceOrientations_iPhone = "UIInterfaceOrientationPortrait UIInterfaceOrientationLandscapeLeft UIInterfaceOrientationLandscapeRight";
				LD_RUNPATH_SEARCH_PATHS = (
					"$(inherited)",
					"@executable_path/Frameworks",
				);
				MARKETING_VERSION = 1.0;
				PRODUCT_BUNDLE_IDENTIFIER = com.hugh.ToDoey;
				PRODUCT_NAME = "$(TARGET_NAME)";
				SWIFT_EMIT_LOC_STRINGS = YES;
				SWIFT_VERSION = 5.0;
				TARGETED_DEVICE_FAMILY = "1,2";
			};
			name = Release;
		};
		1EC7F4C92812104400BA94D7 /* Debug */ = {
			isa = XCBuildConfiguration;
			buildSettings = {
				ALWAYS_EMBED_SWIFT_STANDARD_LIBRARIES = YES;
				BUNDLE_LOADER = "$(TEST_HOST)";
				CODE_SIGN_STYLE = Automatic;
				CURRENT_PROJECT_VERSION = 1;
				DEVELOPMENT_TEAM = 5PWVWU8526;
				GENERATE_INFOPLIST_FILE = YES;
				IPHONEOS_DEPLOYMENT_TARGET = 15.4;
				MARKETING_VERSION = 1.0;
				PRODUCT_BUNDLE_IDENTIFIER = com.hugh.ToDoeyTests;
				PRODUCT_NAME = "$(TARGET_NAME)";
				SWIFT_EMIT_LOC_STRINGS = NO;
				SWIFT_VERSION = 5.0;
				TARGETED_DEVICE_FAMILY = "1,2";
				TEST_HOST = "$(BUILT_PRODUCTS_DIR)/ToDoey.app/ToDoey";
			};
			name = Debug;
		};
		1EC7F4CA2812104400BA94D7 /* Release */ = {
			isa = XCBuildConfiguration;
			buildSettings = {
				ALWAYS_EMBED_SWIFT_STANDARD_LIBRARIES = YES;
				BUNDLE_LOADER = "$(TEST_HOST)";
				CODE_SIGN_STYLE = Automatic;
				CURRENT_PROJECT_VERSION = 1;
				DEVELOPMENT_TEAM = 5PWVWU8526;
				GENERATE_INFOPLIST_FILE = YES;
				IPHONEOS_DEPLOYMENT_TARGET = 15.4;
				MARKETING_VERSION = 1.0;
				PRODUCT_BUNDLE_IDENTIFIER = com.hugh.ToDoeyTests;
				PRODUCT_NAME = "$(TARGET_NAME)";
				SWIFT_EMIT_LOC_STRINGS = NO;
				SWIFT_VERSION = 5.0;
				TARGETED_DEVICE_FAMILY = "1,2";
				TEST_HOST = "$(BUILT_PRODUCTS_DIR)/ToDoey.app/ToDoey";
			};
			name = Release;
		};
		1EC7F4CC2812104400BA94D7 /* Debug */ = {
			isa = XCBuildConfiguration;
			buildSettings = {
				ALWAYS_EMBED_SWIFT_STANDARD_LIBRARIES = YES;
				CODE_SIGN_STYLE = Automatic;
				CURRENT_PROJECT_VERSION = 1;
				DEVELOPMENT_TEAM = 5PWVWU8526;
				GENERATE_INFOPLIST_FILE = YES;
				MARKETING_VERSION = 1.0;
				PRODUCT_BUNDLE_IDENTIFIER = com.hugh.ToDoeyUITests;
				PRODUCT_NAME = "$(TARGET_NAME)";
				SWIFT_EMIT_LOC_STRINGS = NO;
				SWIFT_VERSION = 5.0;
				TARGETED_DEVICE_FAMILY = "1,2";
				TEST_TARGET_NAME = ToDoey;
			};
			name = Debug;
		};
		1EC7F4CD2812104400BA94D7 /* Release */ = {
			isa = XCBuildConfiguration;
			buildSettings = {
				ALWAYS_EMBED_SWIFT_STANDARD_LIBRARIES = YES;
				CODE_SIGN_STYLE = Automatic;
				CURRENT_PROJECT_VERSION = 1;
				DEVELOPMENT_TEAM = 5PWVWU8526;
				GENERATE_INFOPLIST_FILE = YES;
				MARKETING_VERSION = 1.0;
				PRODUCT_BUNDLE_IDENTIFIER = com.hugh.ToDoeyUITests;
				PRODUCT_NAME = "$(TARGET_NAME)";
				SWIFT_EMIT_LOC_STRINGS = NO;
				SWIFT_VERSION = 5.0;
				TARGETED_DEVICE_FAMILY = "1,2";
				TEST_TARGET_NAME = ToDoey;
			};
			name = Release;
		};
/* End XCBuildConfiguration section */

/* Begin XCConfigurationList section */
		1EC7F49C2812104300BA94D7 /* Build configuration list for PBXProject "ToDoey" */ = {
			isa = XCConfigurationList;
			buildConfigurations = (
				1EC7F4C32812104400BA94D7 /* Debug */,
				1EC7F4C42812104400BA94D7 /* Release */,
			);
			defaultConfigurationIsVisible = 0;
			defaultConfigurationName = Release;
		};
		1EC7F4C52812104400BA94D7 /* Build configuration list for PBXNativeTarget "ToDoey" */ = {
			isa = XCConfigurationList;
			buildConfigurations = (
				1EC7F4C62812104400BA94D7 /* Debug */,
				1EC7F4C72812104400BA94D7 /* Release */,
			);
			defaultConfigurationIsVisible = 0;
			defaultConfigurationName = Release;
		};
		1EC7F4C82812104400BA94D7 /* Build configuration list for PBXNativeTarget "ToDoeyTests" */ = {
			isa = XCConfigurationList;
			buildConfigurations = (
				1EC7F4C92812104400BA94D7 /* Debug */,
				1EC7F4CA2812104400BA94D7 /* Release */,
			);
			defaultConfigurationIsVisible = 0;
			defaultConfigurationName = Release;
		};
		1EC7F4CB2812104400BA94D7 /* Build configuration list for PBXNativeTarget "ToDoeyUITests" */ = {
			isa = XCConfigurationList;
			buildConfigurations = (
				1EC7F4CC2812104400BA94D7 /* Debug */,
				1EC7F4CD2812104400BA94D7 /* Release */,
			);
			defaultConfigurationIsVisible = 0;
			defaultConfigurationName = Release;
		};
/* End XCConfigurationList section */
	};
	rootObject = 1EC7F4992812104300BA94D7 /* Project object */;
}
